// !$*UTF8*$!
{
	archiveVersion = 1;
	classes = {
	};
	objectVersion = 50;
	objects = {

/* Begin PBXBuildFile section */
		9F47882D248A8ED800D1AF3E /* ChartsUI.framework in Frameworks */ = {isa = PBXBuildFile; fileRef = 9F47880D248A596800D1AF3E /* ChartsUI.framework */; };
		9F47882E248A8ED800D1AF3E /* ChartsUI.framework in Embed Frameworks */ = {isa = PBXBuildFile; fileRef = 9F47880D248A596800D1AF3E /* ChartsUI.framework */; settings = {ATTRIBUTES = (CodeSignOnCopy, RemoveHeadersOnCopy, ); }; };
		9F76639A248A4C2D00AC8B1B /* AppDelegate.swift in Sources */ = {isa = PBXBuildFile; fileRef = 9F766399248A4C2D00AC8B1B /* AppDelegate.swift */; };
		9F76639C248A4C2D00AC8B1B /* SceneDelegate.swift in Sources */ = {isa = PBXBuildFile; fileRef = 9F76639B248A4C2D00AC8B1B /* SceneDelegate.swift */; };
		9F76639E248A4C2D00AC8B1B /* ContentView.swift in Sources */ = {isa = PBXBuildFile; fileRef = 9F76639D248A4C2D00AC8B1B /* ContentView.swift */; };
		9F7663A0248A4C3200AC8B1B /* Assets.xcassets in Resources */ = {isa = PBXBuildFile; fileRef = 9F76639F248A4C3200AC8B1B /* Assets.xcassets */; };
		9F7663A3248A4C3200AC8B1B /* Preview Assets.xcassets in Resources */ = {isa = PBXBuildFile; fileRef = 9F7663A2248A4C3200AC8B1B /* Preview Assets.xcassets */; };
		9F7663A6248A4C3200AC8B1B /* LaunchScreen.storyboard in Resources */ = {isa = PBXBuildFile; fileRef = 9F7663A4248A4C3200AC8B1B /* LaunchScreen.storyboard */; };
/* End PBXBuildFile section */

/* Begin PBXCopyFilesBuildPhase section */
		9F47882F248A8ED900D1AF3E /* Embed Frameworks */ = {
			isa = PBXCopyFilesBuildPhase;
			buildActionMask = 2147483647;
			dstPath = "";
			dstSubfolderSpec = 10;
			files = (
				9F47882E248A8ED800D1AF3E /* ChartsUI.framework in Embed Frameworks */,
			);
			name = "Embed Frameworks";
			runOnlyForDeploymentPostprocessing = 0;
		};
/* End PBXCopyFilesBuildPhase section */

/* Begin PBXFileReference section */
		9F47880D248A596800D1AF3E /* ChartsUI.framework */ = {isa = PBXFileReference; explicitFileType = wrapper.framework; path = ChartsUI.framework; sourceTree = BUILT_PRODUCTS_DIR; };
		9F766396248A4C2D00AC8B1B /* iOS-Example.app */ = {isa = PBXFileReference; explicitFileType = wrapper.application; includeInIndex = 0; path = "iOS-Example.app"; sourceTree = BUILT_PRODUCTS_DIR; };
		9F766399248A4C2D00AC8B1B /* AppDelegate.swift */ = {isa = PBXFileReference; lastKnownFileType = sourcecode.swift; path = AppDelegate.swift; sourceTree = "<group>"; };
		9F76639B248A4C2D00AC8B1B /* SceneDelegate.swift */ = {isa = PBXFileReference; lastKnownFileType = sourcecode.swift; path = SceneDelegate.swift; sourceTree = "<group>"; };
		9F76639D248A4C2D00AC8B1B /* ContentView.swift */ = {isa = PBXFileReference; lastKnownFileType = sourcecode.swift; path = ContentView.swift; sourceTree = "<group>"; };
		9F76639F248A4C3200AC8B1B /* Assets.xcassets */ = {isa = PBXFileReference; lastKnownFileType = folder.assetcatalog; path = Assets.xcassets; sourceTree = "<group>"; };
		9F7663A2248A4C3200AC8B1B /* Preview Assets.xcassets */ = {isa = PBXFileReference; lastKnownFileType = folder.assetcatalog; path = "Preview Assets.xcassets"; sourceTree = "<group>"; };
		9F7663A5248A4C3200AC8B1B /* Base */ = {isa = PBXFileReference; lastKnownFileType = file.storyboard; name = Base; path = Base.lproj/LaunchScreen.storyboard; sourceTree = "<group>"; };
		9F7663A7248A4C3200AC8B1B /* Info.plist */ = {isa = PBXFileReference; lastKnownFileType = text.plist.xml; path = Info.plist; sourceTree = "<group>"; };
/* End PBXFileReference section */

/* Begin PBXFrameworksBuildPhase section */
		9F766393248A4C2D00AC8B1B /* Frameworks */ = {
			isa = PBXFrameworksBuildPhase;
			buildActionMask = 2147483647;
			files = (
				9F47882D248A8ED800D1AF3E /* ChartsUI.framework in Frameworks */,
			);
			runOnlyForDeploymentPostprocessing = 0;
		};
/* End PBXFrameworksBuildPhase section */

/* Begin PBXGroup section */
		9F47880C248A596800D1AF3E /* Frameworks */ = {
			isa = PBXGroup;
			children = (
				9F47880D248A596800D1AF3E /* ChartsUI.framework */,
			);
			name = Frameworks;
			sourceTree = "<group>";
		};
		9F76638D248A4C2D00AC8B1B = {
			isa = PBXGroup;
			children = (
				9F766398248A4C2D00AC8B1B /* iOS-Example */,
				9F766397248A4C2D00AC8B1B /* Products */,
				9F47880C248A596800D1AF3E /* Frameworks */,
			);
			sourceTree = "<group>";
		};
		9F766397248A4C2D00AC8B1B /* Products */ = {
			isa = PBXGroup;
			children = (
				9F766396248A4C2D00AC8B1B /* iOS-Example.app */,
			);
			name = Products;
			sourceTree = "<group>";
		};
		9F766398248A4C2D00AC8B1B /* iOS-Example */ = {
			isa = PBXGroup;
			children = (
				9F766399248A4C2D00AC8B1B /* AppDelegate.swift */,
				9F76639B248A4C2D00AC8B1B /* SceneDelegate.swift */,
				9F76639D248A4C2D00AC8B1B /* ContentView.swift */,
				9F76639F248A4C3200AC8B1B /* Assets.xcassets */,
				9F7663A4248A4C3200AC8B1B /* LaunchScreen.storyboard */,
				9F7663A7248A4C3200AC8B1B /* Info.plist */,
				9F7663A1248A4C3200AC8B1B /* Preview Content */,
			);
			path = "iOS-Example";
			sourceTree = "<group>";
		};
		9F7663A1248A4C3200AC8B1B /* Preview Content */ = {
			isa = PBXGroup;
			children = (
				9F7663A2248A4C3200AC8B1B /* Preview Assets.xcassets */,
			);
			path = "Preview Content";
			sourceTree = "<group>";
		};
/* End PBXGroup section */

/* Begin PBXNativeTarget section */
		9F766395248A4C2D00AC8B1B /* iOS-Example */ = {
			isa = PBXNativeTarget;
			buildConfigurationList = 9F7663AA248A4C3200AC8B1B /* Build configuration list for PBXNativeTarget "iOS-Example" */;
			buildPhases = (
				9F766392248A4C2D00AC8B1B /* Sources */,
				9F766393248A4C2D00AC8B1B /* Frameworks */,
				9F766394248A4C2D00AC8B1B /* Resources */,
				9F47882F248A8ED900D1AF3E /* Embed Frameworks */,
			);
			buildRules = (
			);
			dependencies = (
			);
			name = "iOS-Example";
			productName = "iOS-Example";
			productReference = 9F766396248A4C2D00AC8B1B /* iOS-Example.app */;
			productType = "com.apple.product-type.application";
		};
/* End PBXNativeTarget section */

/* Begin PBXProject section */
		9F76638E248A4C2D00AC8B1B /* Project object */ = {
			isa = PBXProject;
			attributes = {
				LastSwiftUpdateCheck = 1150;
				LastUpgradeCheck = 1150;
				ORGANIZATIONNAME = Kireyin;
				TargetAttributes = {
					9F766395248A4C2D00AC8B1B = {
						CreatedOnToolsVersion = 11.5;
					};
				};
			};
			buildConfigurationList = 9F766391248A4C2D00AC8B1B /* Build configuration list for PBXProject "iOS-Example" */;
			compatibilityVersion = "Xcode 9.3";
			developmentRegion = en;
			hasScannedForEncodings = 0;
			knownRegions = (
				en,
				Base,
			);
			mainGroup = 9F76638D248A4C2D00AC8B1B;
			productRefGroup = 9F766397248A4C2D00AC8B1B /* Products */;
			projectDirPath = "";
			projectRoot = "";
			targets = (
				9F766395248A4C2D00AC8B1B /* iOS-Example */,
			);
		};
/* End PBXProject section */

/* Begin PBXResourcesBuildPhase section */
		9F766394248A4C2D00AC8B1B /* Resources */ = {
			isa = PBXResourcesBuildPhase;
			buildActionMask = 2147483647;
			files = (
				9F7663A6248A4C3200AC8B1B /* LaunchScreen.storyboard in Resources */,
				9F7663A3248A4C3200AC8B1B /* Preview Assets.xcassets in Resources */,
				9F7663A0248A4C3200AC8B1B /* Assets.xcassets in Resources */,
			);
			runOnlyForDeploymentPostprocessing = 0;
		};
/* End PBXResourcesBuildPhase section */

/* Begin PBXSourcesBuildPhase section */
		9F766392248A4C2D00AC8B1B /* Sources */ = {
			isa = PBXSourcesBuildPhase;
			buildActionMask = 2147483647;
			files = (
				9F76639A248A4C2D00AC8B1B /* AppDelegate.swift in Sources */,
				9F76639C248A4C2D00AC8B1B /* SceneDelegate.swift in Sources */,
				9F76639E248A4C2D00AC8B1B /* ContentView.swift in Sources */,
			);
			runOnlyForDeploymentPostprocessing = 0;
		};
/* End PBXSourcesBuildPhase section */

/* Begin PBXVariantGroup section */
		9F7663A4248A4C3200AC8B1B /* LaunchScreen.storyboard */ = {
			isa = PBXVariantGroup;
			children = (
				9F7663A5248A4C3200AC8B1B /* Base */,
			);
			name = LaunchScreen.storyboard;
			sourceTree = "<group>";
		};
/* End PBXVariantGroup section */

/* Begin XCBuildConfiguration section */
		9F7663A8248A4C3200AC8B1B /* Debug */ = {
			isa = XCBuildConfiguration;
			buildSettings = {
				ALWAYS_SEARCH_USER_PATHS = NO;
				CLANG_ANALYZER_NONNULL = YES;
				CLANG_ANALYZER_NUMBER_OBJECT_CONVERSION = YES_AGGRESSIVE;
				CLANG_CXX_LANGUAGE_STANDARD = "gnu++14";
				CLANG_CXX_LIBRARY = "libc++";
				CLANG_ENABLE_MODULES = YES;
				CLANG_ENABLE_OBJC_ARC = YES;
				CLANG_ENABLE_OBJC_WEAK = YES;
				CLANG_WARN_BLOCK_CAPTURE_AUTORELEASING = YES;
				CLANG_WARN_BOOL_CONVERSION = YES;
				CLANG_WARN_COMMA = YES;
				CLANG_WARN_CONSTANT_CONVERSION = YES;
				CLANG_WARN_DEPRECATED_OBJC_IMPLEMENTATIONS = YES;
				CLANG_WARN_DIRECT_OBJC_ISA_USAGE = YES_ERROR;
				CLANG_WARN_DOCUMENTATION_COMMENTS = YES;
				CLANG_WARN_EMPTY_BODY = YES;
				CLANG_WARN_ENUM_CONVERSION = YES;
				CLANG_WARN_INFINITE_RECURSION = YES;
				CLANG_WARN_INT_CONVERSION = YES;
				CLANG_WARN_NON_LITERAL_NULL_CONVERSION = YES;
				CLANG_WARN_OBJC_IMPLICIT_RETAIN_SELF = YES;
				CLANG_WARN_OBJC_LITERAL_CONVERSION = YES;
				CLANG_WARN_OBJC_ROOT_CLASS = YES_ERROR;
				CLANG_WARN_RANGE_LOOP_ANALYSIS = YES;
				CLANG_WARN_STRICT_PROTOTYPES = YES;
				CLANG_WARN_SUSPICIOUS_MOVE = YES;
				CLANG_WARN_UNGUARDED_AVAILABILITY = YES_AGGRESSIVE;
				CLANG_WARN_UNREACHABLE_CODE = YES;
				CLANG_WARN__DUPLICATE_METHOD_MATCH = YES;
				COPY_PHASE_STRIP = NO;
				DEBUG_INFORMATION_FORMAT = dwarf;
				ENABLE_STRICT_OBJC_MSGSEND = YES;
				ENABLE_TESTABILITY = YES;
				GCC_C_LANGUAGE_STANDARD = gnu11;
				GCC_DYNAMIC_NO_PIC = NO;
				GCC_NO_COMMON_BLOCKS = YES;
				GCC_OPTIMIZATION_LEVEL = 0;
				GCC_PREPROCESSOR_DEFINITIONS = (
					"DEBUG=1",
					"$(inherited)",
				);
				GCC_WARN_64_TO_32_BIT_CONVERSION = YES;
				GCC_WARN_ABOUT_RETURN_TYPE = YES_ERROR;
				GCC_WARN_UNDECLARED_SELECTOR = YES;
				GCC_WARN_UNINITIALIZED_AUTOS = YES_AGGRESSIVE;
				GCC_WARN_UNUSED_FUNCTION = YES;
				GCC_WARN_UNUSED_VARIABLE = YES;
				IPHONEOS_DEPLOYMENT_TARGET = 13.5;
				MTL_ENABLE_DEBUG_INFO = INCLUDE_SOURCE;
				MTL_FAST_MATH = YES;
				ONLY_ACTIVE_ARCH = YES;
				SDKROOT = iphoneos;
				SWIFT_ACTIVE_COMPILATION_CONDITIONS = DEBUG;
				SWIFT_OPTIMIZATION_LEVEL = "-Onone";
			};
			name = Debug;
		};
		9F7663A9248A4C3200AC8B1B /* Release */ = {
			isa = XCBuildConfiguration;
			buildSettings = {
				ALWAYS_SEARCH_USER_PATHS = NO;
				CLANG_ANALYZER_NONNULL = YES;
				CLANG_ANALYZER_NUMBER_OBJECT_CONVERSION = YES_AGGRESSIVE;
				CLANG_CXX_LANGUAGE_STANDARD = "gnu++14";
				CLANG_CXX_LIBRARY = "libc++";
				CLANG_ENABLE_MODULES = YES;
				CLANG_ENABLE_OBJC_ARC = YES;
				CLANG_ENABLE_OBJC_WEAK = YES;
				CLANG_WARN_BLOCK_CAPTURE_AUTORELEASING = YES;
				CLANG_WARN_BOOL_CONVERSION = YES;
				CLANG_WARN_COMMA = YES;
				CLANG_WARN_CONSTANT_CONVERSION = YES;
				CLANG_WARN_DEPRECATED_OBJC_IMPLEMENTATIONS = YES;
				CLANG_WARN_DIRECT_OBJC_ISA_USAGE = YES_ERROR;
				CLANG_WARN_DOCUMENTATION_COMMENTS = YES;
				CLANG_WARN_EMPTY_BODY = YES;
				CLANG_WARN_ENUM_CONVERSION = YES;
				CLANG_WARN_INFINITE_RECURSION = YES;
				CLANG_WARN_INT_CONVERSION = YES;
				CLANG_WARN_NON_LITERAL_NULL_CONVERSION = YES;
				CLANG_WARN_OBJC_IMPLICIT_RETAIN_SELF = YES;
				CLANG_WARN_OBJC_LITERAL_CONVERSION = YES;
				CLANG_WARN_OBJC_ROOT_CLASS = YES_ERROR;
				CLANG_WARN_RANGE_LOOP_ANALYSIS = YES;
				CLANG_WARN_STRICT_PROTOTYPES = YES;
				CLANG_WARN_SUSPICIOUS_MOVE = YES;
				CLANG_WARN_UNGUARDED_AVAILABILITY = YES_AGGRESSIVE;
				CLANG_WARN_UNREACHABLE_CODE = YES;
				CLANG_WARN__DUPLICATE_METHOD_MATCH = YES;
				COPY_PHASE_STRIP = NO;
				DEBUG_INFORMATION_FORMAT = "dwarf-with-dsym";
				ENABLE_NS_ASSERTIONS = NO;
				ENABLE_STRICT_OBJC_MSGSEND = YES;
				GCC_C_LANGUAGE_STANDARD = gnu11;
				GCC_NO_COMMON_BLOCKS = YES;
				GCC_WARN_64_TO_32_BIT_CONVERSION = YES;
				GCC_WARN_ABOUT_RETURN_TYPE = YES_ERROR;
				GCC_WARN_UNDECLARED_SELECTOR = YES;
				GCC_WARN_UNINITIALIZED_AUTOS = YES_AGGRESSIVE;
				GCC_WARN_UNUSED_FUNCTION = YES;
				GCC_WARN_UNUSED_VARIABLE = YES;
				IPHONEOS_DEPLOYMENT_TARGET = 13.5;
				MTL_ENABLE_DEBUG_INFO = NO;
				MTL_FAST_MATH = YES;
				SDKROOT = iphoneos;
				SWIFT_COMPILATION_MODE = wholemodule;
				SWIFT_OPTIMIZATION_LEVEL = "-O";
				VALIDATE_PRODUCT = YES;
			};
			name = Release;
		};
		9F7663AB248A4C3200AC8B1B /* Debug */ = {
			isa = XCBuildConfiguration;
			buildSettings = {
				ASSETCATALOG_COMPILER_APPICON_NAME = AppIcon;
				CODE_SIGN_STYLE = Automatic;
				DEVELOPMENT_ASSET_PATHS = "\"iOS-Example/Preview Content\"";
				DEVELOPMENT_TEAM = RDW68XGXCG;
				ENABLE_PREVIEWS = YES;
				INFOPLIST_FILE = "iOS-Example/Info.plist";
				LD_RUNPATH_SEARCH_PATHS = (
					"$(inherited)",
					"@executable_path/Frameworks",
				);
				PRODUCT_BUNDLE_IDENTIFIER = "com.kireyin.iOS-Example";
				PRODUCT_NAME = "$(TARGET_NAME)";
				SWIFT_VERSION = 5.0;
				TARGETED_DEVICE_FAMILY = "1,2";
			};
			name = Debug;
		};
		9F7663AC248A4C3200AC8B1B /* Release */ = {
			isa = XCBuildConfiguration;
			buildSettings = {
				ASSETCATALOG_COMPILER_APPICON_NAME = AppIcon;
				CODE_SIGN_STYLE = Automatic;
				DEVELOPMENT_ASSET_PATHS = "\"iOS-Example/Preview Content\"";
				DEVELOPMENT_TEAM = RDW68XGXCG;
				ENABLE_PREVIEWS = YES;
				INFOPLIST_FILE = "iOS-Example/Info.plist";
				LD_RUNPATH_SEARCH_PATHS = (
					"$(inherited)",
					"@executable_path/Frameworks",
				);
				PRODUCT_BUNDLE_IDENTIFIER = "com.kireyin.iOS-Example";
				PRODUCT_NAME = "$(TARGET_NAME)";
				SWIFT_VERSION = 5.0;
				TARGETED_DEVICE_FAMILY = "1,2";
			};
			name = Release;
		};
/* End XCBuildConfiguration section */

/* Begin XCConfigurationList section */
		9F766391248A4C2D00AC8B1B /* Build configuration list for PBXProject "iOS-Example" */ = {
			isa = XCConfigurationList;
			buildConfigurations = (
				9F7663A8248A4C3200AC8B1B /* Debug */,
				9F7663A9248A4C3200AC8B1B /* Release */,
			);
			defaultConfigurationIsVisible = 0;
			defaultConfigurationName = Release;
		};
		9F7663AA248A4C3200AC8B1B /* Build configuration list for PBXNativeTarget "iOS-Example" */ = {
			isa = XCConfigurationList;
			buildConfigurations = (
				9F7663AB248A4C3200AC8B1B /* Debug */,
				9F7663AC248A4C3200AC8B1B /* Release */,
			);
			defaultConfigurationIsVisible = 0;
			defaultConfigurationName = Release;
		};
/* End XCConfigurationList section */
	};
	rootObject = 9F76638E248A4C2D00AC8B1B /* Project object */;
}
